
Microsoft Visual Studio Solution File, Format Version 12.00
# Visual Studio Version 16
VisualStudioVersion = 16.0.30413.136
MinimumVisualStudioVersion = 10.0.40219.1
Project("{FAE04EC0-301F-11D3-BF4B-00C04F79EFBC}") = "dashboard", "dashboard.csproj", "{C7827091-DE38-4009-A2EE-3CDF589D159A}"
EndProject
Global
	GlobalSection(SolutionConfigurationPlatforms) = preSolution
		Debug|Any CPU = Debug|Any CPU
		Release|Any CPU = Release|Any CPU
	EndGlobalSection
	GlobalSection(ProjectConfigurationPlatforms) = postSolution
		{C7827091-DE38-4009-A2EE-3CDF589D159A}.Debug|Any CPU.ActiveCfg = Debug|Any CPU
		{C7827091-DE38-4009-A2EE-3CDF589D159A}.Debug|Any CPU.Build.0 = Debug|Any CPU
		{C7827091-DE38-4009-A2EE-3CDF589D159A}.Release|Any CPU.ActiveCfg = Release|Any CPU
		{C7827091-DE38-4009-A2EE-3CDF589D159A}.Release|Any CPU.Build.0 = Release|Any CPU
	EndGlobalSection
	GlobalSection(SolutionProperties) = preSolution
		HideSolutionNode = FALSE
	EndGlobalSection
	GlobalSection(ExtensibilityGlobals) = postSolution
		SolutionGuid = {7932D365-4E03-4F76-A010-760103FF56BB}
	EndGlobalSection
EndGlobal
